
Microsoft Visual Studio Solution File, Format Version 12.00
# Visual Studio Version 16
VisualStudioVersion = 16.0.29009.5
MinimumVisualStudioVersion = 10.0.40219.1
Project("{FAE04EC0-301F-11D3-BF4B-00C04F79EFBC}") = "NEL_FutureDao_BT", "NEL_FutureDao_BT.csproj", "{6F3C215B-2835-4E80-AFBF-A1370B325F93}"
EndProject
Global
	GlobalSection(SolutionConfigurationPlatforms) = preSolution
		Debug|Any CPU = Debug|Any CPU
		Release|Any CPU = Release|Any CPU
	EndGlobalSection
	GlobalSection(ProjectConfigurationPlatforms) = postSolution
		{6F3C215B-2835-4E80-AFBF-A1370B325F93}.Debug|Any CPU.ActiveCfg = Debug|Any CPU
		{6F3C215B-2835-4E80-AFBF-A1370B325F93}.Debug|Any CPU.Build.0 = Debug|Any CPU
		{6F3C215B-2835-4E80-AFBF-A1370B325F93}.Release|Any CPU.ActiveCfg = Release|Any CPU
		{6F3C215B-2835-4E80-AFBF-A1370B325F93}.Release|Any CPU.Build.0 = Release|Any CPU
	EndGlobalSection
	GlobalSection(SolutionProperties) = preSolution
		HideSolutionNode = FALSE
	EndGlobalSection
	GlobalSection(ExtensibilityGlobals) = postSolution
		SolutionGuid = {C38B7B60-B8A4-4901-B297-9D1F7485EDFE}
	EndGlobalSection
EndGlobal
